
Microsoft Visual Studio Solution File, Format Version 12.00
# Visual Studio Version 17
VisualStudioVersion = 17.1.32210.238
MinimumVisualStudioVersion = 10.0.40219.1
Project("{9A19103F-16F7-4668-BE54-9A1E7A4F7556}") = "Composite", "Composite\Composite.csproj", "{6CE35458-920E-4590-8751-E647DB24AD99}"
EndProject
Project("{FAE04EC0-301F-11D3-BF4B-00C04F79EFBC}") = "CompositeNeuron", "CompositeNeuron\CompositeNeuron.csproj", "{D6C2C527-D53F-46E1-94C0-DE83058F8AC4}"
EndProject
Global
	GlobalSection(SolutionConfigurationPlatforms) = preSolution
		Debug|Any CPU = Debug|Any CPU
		Release|Any CPU = Release|Any CPU
	EndGlobalSection
	GlobalSection(ProjectConfigurationPlatforms) = postSolution
		{6CE35458-920E-4590-8751-E647DB24AD99}.Debug|Any CPU.ActiveCfg = Debug|Any CPU
		{6CE35458-920E-4590-8751-E647DB24AD99}.Debug|Any CPU.Build.0 = Debug|Any CPU
		{6CE35458-920E-4590-8751-E647DB24AD99}.Release|Any CPU.ActiveCfg = Release|Any CPU
		{6CE35458-920E-4590-8751-E647DB24AD99}.Release|Any CPU.Build.0 = Release|Any CPU
		{D6C2C527-D53F-46E1-94C0-DE83058F8AC4}.Debug|Any CPU.ActiveCfg = Debug|Any CPU
		{D6C2C527-D53F-46E1-94C0-DE83058F8AC4}.Debug|Any CPU.Build.0 = Debug|Any CPU
		{D6C2C527-D53F-46E1-94C0-DE83058F8AC4}.Release|Any CPU.ActiveCfg = Release|Any CPU
		{D6C2C527-D53F-46E1-94C0-DE83058F8AC4}.Release|Any CPU.Build.0 = Release|Any CPU
	EndGlobalSection
	GlobalSection(SolutionProperties) = preSolution
		HideSolutionNode = FALSE
	EndGlobalSection
	GlobalSection(ExtensibilityGlobals) = postSolution
		SolutionGuid = {5425EC0B-8311-4364-8E59-B4CBC51612C8}
	EndGlobalSection
EndGlobal
